
Microsoft Visual Studio Solution File, Format Version 12.00
# Visual Studio 15
VisualStudioVersion = 15.0.28010.2050
MinimumVisualStudioVersion = 10.0.40219.1
Project("{9A19103F-16F7-4668-BE54-9A1E7A4F7556}") = "Core.Common", "Core.Common\Core.Common.csproj", "{97ABCA64-A49E-4607-8D79-8DE9217266A9}"
EndProject
Project("{9A19103F-16F7-4668-BE54-9A1E7A4F7556}") = "Lobster.Quartz", "Lobster.Quartz\Lobster.Quartz.csproj", "{592E27FD-2BAF-45BF-891F-AF2A39EFC08B}"
EndProject
Global
	GlobalSection(SolutionConfigurationPlatforms) = preSolution
		Debug|Any CPU = Debug|Any CPU
		Release|Any CPU = Release|Any CPU
	EndGlobalSection
	GlobalSection(ProjectConfigurationPlatforms) = postSolution
		{97ABCA64-A49E-4607-8D79-8DE9217266A9}.Debug|Any CPU.ActiveCfg = Debug|Any CPU
		{97ABCA64-A49E-4607-8D79-8DE9217266A9}.Debug|Any CPU.Build.0 = Debug|Any CPU
		{97ABCA64-A49E-4607-8D79-8DE9217266A9}.Release|Any CPU.ActiveCfg = Release|Any CPU
		{97ABCA64-A49E-4607-8D79-8DE9217266A9}.Release|Any CPU.Build.0 = Release|Any CPU
		{592E27FD-2BAF-45BF-891F-AF2A39EFC08B}.Debug|Any CPU.ActiveCfg = Debug|Any CPU
		{592E27FD-2BAF-45BF-891F-AF2A39EFC08B}.Debug|Any CPU.Build.0 = Debug|Any CPU
		{592E27FD-2BAF-45BF-891F-AF2A39EFC08B}.Release|Any CPU.ActiveCfg = Release|Any CPU
		{592E27FD-2BAF-45BF-891F-AF2A39EFC08B}.Release|Any CPU.Build.0 = Release|Any CPU
	EndGlobalSection
	GlobalSection(SolutionProperties) = preSolution
		HideSolutionNode = FALSE
	EndGlobalSection
	GlobalSection(ExtensibilityGlobals) = postSolution
		SolutionGuid = {EE783B31-D59A-4738-A79C-1A940460D76E}
	EndGlobalSection
EndGlobal
